schema: '2.0'
stages:
  generate_folds:
    cmd: python generate_folds.py
    deps:
    - path: raw
      hash: md5
      md5: 0f2cb7fb18793662f94871eb0e998dd3.dir
      size: 8666817579
      nfiles: 638
    outs:
    - path: folds
      hash: md5
      md5: 4edd0bdda46b89d0ac15339cdd50986a.dir
      size: 414990
      nfiles: 10
