schema: '2.0'
stages:
  generate_folds:
    cmd: python generate_folds.py
    deps:
    - path: raw
      hash: md5
      md5: 42ee7e49a6351aa472c19d4c3f2b61b0.dir
      size: 8664956850
      nfiles: 637
    outs:
    - path: folds
      hash: md5
      md5: 3efa5d7d39b118d0261c4aa5fdd1d126.dir
      size: 414630
      nfiles: 10
