schema: '2.0'
stages:
  generate_folds:
    cmd: python generate_folds.py
    deps:
    - path: raw
      hash: md5
      md5: 775f2d8b0fb7b1cf7e165a45a878e33c.dir
      size: 8663245642
      nfiles: 636
    outs:
    - path: folds
      hash: md5
      md5: aff936ee6a8150654466f5e437575d7e.dir
      size: 414240
      nfiles: 10
